
Microsoft Visual Studio Solution File, Format Version 12.00
# Visual Studio Version 17
VisualStudioVersion = 17.4.34902.99
MinimumVisualStudioVersion = 10.0.40219.1
Project("{FAE04EC0-301F-11D3-BF4B-00C04F79EFBC}") = "TextSearch", "TextSearch\TextSearch.csproj", "{4E7695C7-BA9C-4E64-B8D9-E00986AEAFE3}"
EndProject
Global
	GlobalSection(SolutionConfigurationPlatforms) = preSolution
		Debug|Any CPU = Debug|Any CPU
		Release|Any CPU = Release|Any CPU
	EndGlobalSection
	GlobalSection(ProjectConfigurationPlatforms) = postSolution
		{4E7695C7-BA9C-4E64-B8D9-E00986AEAFE3}.Debug|Any CPU.ActiveCfg = Debug|Any CPU
		{4E7695C7-BA9C-4E64-B8D9-E00986AEAFE3}.Debug|Any CPU.Build.0 = Debug|Any CPU
		{4E7695C7-BA9C-4E64-B8D9-E00986AEAFE3}.Release|Any CPU.ActiveCfg = Release|Any CPU
		{4E7695C7-BA9C-4E64-B8D9-E00986AEAFE3}.Release|Any CPU.Build.0 = Release|Any CPU
	EndGlobalSection
	GlobalSection(SolutionProperties) = preSolution
		HideSolutionNode = FALSE
	EndGlobalSection
	GlobalSection(ExtensibilityGlobals) = postSolution
		SolutionGuid = {24245457-1D07-4C2D-9B5B-EB9F6CC64F41}
	EndGlobalSection
EndGlobal
